// !$*UTF8*$!
{
	archiveVersion = 1;
	classes = {
	};
	objectVersion = 50;
	objects = {

/* Begin PBXBuildFile section */
		66D39AF7249182EC0037131C /* StringConcatProcessor.cpp in Sources */ = {isa = PBXBuildFile; fileRef = 66D39AF3249182EC0037131C /* StringConcatProcessor.cpp */; };
		66D39AF8249182EC0037131C /* SumProcessor.hpp in Headers */ = {isa = PBXBuildFile; fileRef = 66D39AF4249182EC0037131C /* SumProcessor.hpp */; };
		66D39AF9249182EC0037131C /* StringConcatProcessor.hpp in Headers */ = {isa = PBXBuildFile; fileRef = 66D39AF5249182EC0037131C /* StringConcatProcessor.hpp */; };
		66D39AFA249182EC0037131C /* SumProcessor.cpp in Sources */ = {isa = PBXBuildFile; fileRef = 66D39AF6249182EC0037131C /* SumProcessor.cpp */; };
/* End PBXBuildFile section */

/* Begin PBXFileReference section */
		66D39AE5249181440037131C /* libBaseProcessors.dylib */ = {isa = PBXFileReference; explicitFileType = "compiled.mach-o.dylib"; includeInIndex = 0; path = libBaseProcessors.dylib; sourceTree = BUILT_PRODUCTS_DIR; };
		66D39AF3249182EC0037131C /* StringConcatProcessor.cpp */ = {isa = PBXFileReference; fileEncoding = 4; lastKnownFileType = sourcecode.cpp.cpp; path = StringConcatProcessor.cpp; sourceTree = "<group>"; };
		66D39AF4249182EC0037131C /* SumProcessor.hpp */ = {isa = PBXFileReference; fileEncoding = 4; lastKnownFileType = sourcecode.cpp.h; path = SumProcessor.hpp; sourceTree = "<group>"; };
		66D39AF5249182EC0037131C /* StringConcatProcessor.hpp */ = {isa = PBXFileReference; fileEncoding = 4; lastKnownFileType = sourcecode.cpp.h; path = StringConcatProcessor.hpp; sourceTree = "<group>"; };
		66D39AF6249182EC0037131C /* SumProcessor.cpp */ = {isa = PBXFileReference; fileEncoding = 4; lastKnownFileType = sourcecode.cpp.cpp; path = SumProcessor.cpp; sourceTree = "<group>"; };
/* End PBXFileReference section */

/* Begin PBXFrameworksBuildPhase section */
		66D39AE3249181440037131C /* Frameworks */ = {
			isa = PBXFrameworksBuildPhase;
			buildActionMask = 2147483647;
			files = (
			);
			runOnlyForDeploymentPostprocessing = 0;
		};
/* End PBXFrameworksBuildPhase section */

/* Begin PBXGroup section */
		66D39ADC249181440037131C = {
			isa = PBXGroup;
			children = (
				66D39AE7249181440037131C /* BaseProcessors */,
				66D39AE6249181440037131C /* Products */,
			);
			sourceTree = "<group>";
		};
		66D39AE6249181440037131C /* Products */ = {
			isa = PBXGroup;
			children = (
				66D39AE5249181440037131C /* libBaseProcessors.dylib */,
			);
			name = Products;
			sourceTree = "<group>";
		};
		66D39AE7249181440037131C /* BaseProcessors */ = {
			isa = PBXGroup;
			children = (
				66D39AF3249182EC0037131C /* StringConcatProcessor.cpp */,
				66D39AF5249182EC0037131C /* StringConcatProcessor.hpp */,
				66D39AF6249182EC0037131C /* SumProcessor.cpp */,
				66D39AF4249182EC0037131C /* SumProcessor.hpp */,
			);
			path = BaseProcessors;
			sourceTree = "<group>";
		};
/* End PBXGroup section */

/* Begin PBXHeadersBuildPhase section */
		66D39AE1249181440037131C /* Headers */ = {
			isa = PBXHeadersBuildPhase;
			buildActionMask = 2147483647;
			files = (
				66D39AF8249182EC0037131C /* SumProcessor.hpp in Headers */,
				66D39AF9249182EC0037131C /* StringConcatProcessor.hpp in Headers */,
			);
			runOnlyForDeploymentPostprocessing = 0;
		};
/* End PBXHeadersBuildPhase section */

/* Begin PBXNativeTarget section */
		66D39AE4249181440037131C /* BaseProcessors */ = {
			isa = PBXNativeTarget;
			buildConfigurationList = 66D39AF0249181440037131C /* Build configuration list for PBXNativeTarget "BaseProcessors" */;
			buildPhases = (
				66D39AE1249181440037131C /* Headers */,
				66D39AE2249181440037131C /* Sources */,
				66D39AE3249181440037131C /* Frameworks */,
			);
			buildRules = (
			);
			dependencies = (
			);
			name = BaseProcessors;
			productName = BaseProcessors;
			productReference = 66D39AE5249181440037131C /* libBaseProcessors.dylib */;
			productType = "com.apple.product-type.library.dynamic";
		};
/* End PBXNativeTarget section */

/* Begin PBXProject section */
		66D39ADD249181440037131C /* Project object */ = {
			isa = PBXProject;
			attributes = {
				LastUpgradeCheck = 1150;
				ORGANIZATIONNAME = "Артём Новиков";
				TargetAttributes = {
					66D39AE4249181440037131C = {
						CreatedOnToolsVersion = 11.5;
					};
				};
			};
			buildConfigurationList = 66D39AE0249181440037131C /* Build configuration list for PBXProject "BaseProcessors" */;
			compatibilityVersion = "Xcode 9.3";
			developmentRegion = en;
			hasScannedForEncodings = 0;
			knownRegions = (
				en,
				Base,
			);
			mainGroup = 66D39ADC249181440037131C;
			productRefGroup = 66D39AE6249181440037131C /* Products */;
			projectDirPath = "";
			projectRoot = "";
			targets = (
				66D39AE4249181440037131C /* BaseProcessors */,
			);
		};
/* End PBXProject section */

/* Begin PBXSourcesBuildPhase section */
		66D39AE2249181440037131C /* Sources */ = {
			isa = PBXSourcesBuildPhase;
			buildActionMask = 2147483647;
			files = (
				66D39AFA249182EC0037131C /* SumProcessor.cpp in Sources */,
				66D39AF7249182EC0037131C /* StringConcatProcessor.cpp in Sources */,
			);
			runOnlyForDeploymentPostprocessing = 0;
		};
/* End PBXSourcesBuildPhase section */

/* Begin XCBuildConfiguration section */
		66D39AEE249181440037131C /* Debug */ = {
			isa = XCBuildConfiguration;
			buildSettings = {
				ALWAYS_SEARCH_USER_PATHS = NO;
				CLANG_ANALYZER_NONNULL = YES;
				CLANG_ANALYZER_NUMBER_OBJECT_CONVERSION = YES_AGGRESSIVE;
				CLANG_CXX_LANGUAGE_STANDARD = "gnu++14";
				CLANG_CXX_LIBRARY = "libc++";
				CLANG_ENABLE_MODULES = YES;
				CLANG_ENABLE_OBJC_ARC = YES;
				CLANG_ENABLE_OBJC_WEAK = YES;
				CLANG_WARN_BLOCK_CAPTURE_AUTORELEASING = YES;
				CLANG_WARN_BOOL_CONVERSION = YES;
				CLANG_WARN_COMMA = YES;
				CLANG_WARN_CONSTANT_CONVERSION = YES;
				CLANG_WARN_DEPRECATED_OBJC_IMPLEMENTATIONS = YES;
				CLANG_WARN_DIRECT_OBJC_ISA_USAGE = YES_ERROR;
				CLANG_WARN_DOCUMENTATION_COMMENTS = YES;
				CLANG_WARN_EMPTY_BODY = YES;
				CLANG_WARN_ENUM_CONVERSION = YES;
				CLANG_WARN_INFINITE_RECURSION = YES;
				CLANG_WARN_INT_CONVERSION = YES;
				CLANG_WARN_NON_LITERAL_NULL_CONVERSION = YES;
				CLANG_WARN_OBJC_IMPLICIT_RETAIN_SELF = YES;
				CLANG_WARN_OBJC_LITERAL_CONVERSION = YES;
				CLANG_WARN_OBJC_ROOT_CLASS = YES_ERROR;
				CLANG_WARN_RANGE_LOOP_ANALYSIS = YES;
				CLANG_WARN_STRICT_PROTOTYPES = YES;
				CLANG_WARN_SUSPICIOUS_MOVE = YES;
				CLANG_WARN_UNGUARDED_AVAILABILITY = YES_AGGRESSIVE;
				CLANG_WARN_UNREACHABLE_CODE = YES;
				CLANG_WARN__DUPLICATE_METHOD_MATCH = YES;
				COPY_PHASE_STRIP = NO;
				DEBUG_INFORMATION_FORMAT = dwarf;
				ENABLE_STRICT_OBJC_MSGSEND = YES;
				ENABLE_TESTABILITY = YES;
				GCC_C_LANGUAGE_STANDARD = gnu11;
				GCC_DYNAMIC_NO_PIC = NO;
				GCC_NO_COMMON_BLOCKS = YES;
				GCC_OPTIMIZATION_LEVEL = 0;
				GCC_PREPROCESSOR_DEFINITIONS = (
					"DEBUG=1",
					"$(inherited)",
				);
				GCC_WARN_64_TO_32_BIT_CONVERSION = YES;
				GCC_WARN_ABOUT_RETURN_TYPE = YES_ERROR;
				GCC_WARN_UNDECLARED_SELECTOR = YES;
				GCC_WARN_UNINITIALIZED_AUTOS = YES_AGGRESSIVE;
				GCC_WARN_UNUSED_FUNCTION = YES;
				GCC_WARN_UNUSED_VARIABLE = YES;
				MACOSX_DEPLOYMENT_TARGET = 10.15;
				MTL_ENABLE_DEBUG_INFO = INCLUDE_SOURCE;
				MTL_FAST_MATH = YES;
				ONLY_ACTIVE_ARCH = YES;
				SDKROOT = macosx;
			};
			name = Debug;
		};
		66D39AEF249181440037131C /* Release */ = {
			isa = XCBuildConfiguration;
			buildSettings = {
				ALWAYS_SEARCH_USER_PATHS = NO;
				CLANG_ANALYZER_NONNULL = YES;
				CLANG_ANALYZER_NUMBER_OBJECT_CONVERSION = YES_AGGRESSIVE;
				CLANG_CXX_LANGUAGE_STANDARD = "gnu++14";
				CLANG_CXX_LIBRARY = "libc++";
				CLANG_ENABLE_MODULES = YES;
				CLANG_ENABLE_OBJC_ARC = YES;
				CLANG_ENABLE_OBJC_WEAK = YES;
				CLANG_WARN_BLOCK_CAPTURE_AUTORELEASING = YES;
				CLANG_WARN_BOOL_CONVERSION = YES;
				CLANG_WARN_COMMA = YES;
				CLANG_WARN_CONSTANT_CONVERSION = YES;
				CLANG_WARN_DEPRECATED_OBJC_IMPLEMENTATIONS = YES;
				CLANG_WARN_DIRECT_OBJC_ISA_USAGE = YES_ERROR;
				CLANG_WARN_DOCUMENTATION_COMMENTS = YES;
				CLANG_WARN_EMPTY_BODY = YES;
				CLANG_WARN_ENUM_CONVERSION = YES;
				CLANG_WARN_INFINITE_RECURSION = YES;
				CLANG_WARN_INT_CONVERSION = YES;
				CLANG_WARN_NON_LITERAL_NULL_CONVERSION = YES;
				CLANG_WARN_OBJC_IMPLICIT_RETAIN_SELF = YES;
				CLANG_WARN_OBJC_LITERAL_CONVERSION = YES;
				CLANG_WARN_OBJC_ROOT_CLASS = YES_ERROR;
				CLANG_WARN_RANGE_LOOP_ANALYSIS = YES;
				CLANG_WARN_STRICT_PROTOTYPES = YES;
				CLANG_WARN_SUSPICIOUS_MOVE = YES;
				CLANG_WARN_UNGUARDED_AVAILABILITY = YES_AGGRESSIVE;
				CLANG_WARN_UNREACHABLE_CODE = YES;
				CLANG_WARN__DUPLICATE_METHOD_MATCH = YES;
				COPY_PHASE_STRIP = NO;
				DEBUG_INFORMATION_FORMAT = "dwarf-with-dsym";
				ENABLE_NS_ASSERTIONS = NO;
				ENABLE_STRICT_OBJC_MSGSEND = YES;
				GCC_C_LANGUAGE_STANDARD = gnu11;
				GCC_NO_COMMON_BLOCKS = YES;
				GCC_WARN_64_TO_32_BIT_CONVERSION = YES;
				GCC_WARN_ABOUT_RETURN_TYPE = YES_ERROR;
				GCC_WARN_UNDECLARED_SELECTOR = YES;
				GCC_WARN_UNINITIALIZED_AUTOS = YES_AGGRESSIVE;
				GCC_WARN_UNUSED_FUNCTION = YES;
				GCC_WARN_UNUSED_VARIABLE = YES;
				MACOSX_DEPLOYMENT_TARGET = 10.15;
				MTL_ENABLE_DEBUG_INFO = NO;
				MTL_FAST_MATH = YES;
				SDKROOT = macosx;
			};
			name = Release;
		};
		66D39AF1249181440037131C /* Debug */ = {
			isa = XCBuildConfiguration;
			buildSettings = {
				CLANG_CXX_LANGUAGE_STANDARD = "gnu++17";
				CODE_SIGN_STYLE = Automatic;
				DEVELOPMENT_TEAM = F9F78MZ3Y9;
				DYLIB_COMPATIBILITY_VERSION = 1;
				DYLIB_CURRENT_VERSION = 1;
				EXECUTABLE_PREFIX = lib;
				GCC_ENABLE_CPP_EXCEPTIONS = YES;
				GCC_ENABLE_CPP_RTTI = YES;
				GCC_SYMBOLS_PRIVATE_EXTERN = YES;
				OTHER_LDFLAGS = "/Users/artemnovikov/Documents/Учеба/Диплом/Scilmager/VisualIpcvEditor/ext/libVisualIPCV.dylib";
				PRODUCT_NAME = "$(TARGET_NAME)";
				SKIP_INSTALL = YES;
				SYSTEM_HEADER_SEARCH_PATHS = "/Users/artemnovikov/Documents/Учеба/Диплом/Scilmager/Native/VisualIPCV";
			};
			name = Debug;
		};
		66D39AF2249181440037131C /* Release */ = {
			isa = XCBuildConfiguration;
			buildSettings = {
				CLANG_CXX_LANGUAGE_STANDARD = "gnu++17";
				CODE_SIGN_STYLE = Automatic;
				DEVELOPMENT_TEAM = F9F78MZ3Y9;
				DYLIB_COMPATIBILITY_VERSION = 1;
				DYLIB_CURRENT_VERSION = 1;
				EXECUTABLE_PREFIX = lib;
				GCC_ENABLE_CPP_EXCEPTIONS = YES;
				GCC_ENABLE_CPP_RTTI = YES;
				GCC_SYMBOLS_PRIVATE_EXTERN = YES;
				OTHER_LDFLAGS = "/Users/artemnovikov/Documents/Учеба/Диплом/Scilmager/VisualIpcvEditor/ext/libVisualIPCV.dylib";
				PRODUCT_NAME = "$(TARGET_NAME)";
				SKIP_INSTALL = YES;
				SYSTEM_HEADER_SEARCH_PATHS = "/Users/artemnovikov/Documents/Учеба/Диплом/Scilmager/Native/VisualIPCV";
			};
			name = Release;
		};
/* End XCBuildConfiguration section */

/* Begin XCConfigurationList section */
		66D39AE0249181440037131C /* Build configuration list for PBXProject "BaseProcessors" */ = {
			isa = XCConfigurationList;
			buildConfigurations = (
				66D39AEE249181440037131C /* Debug */,
				66D39AEF249181440037131C /* Release */,
			);
			defaultConfigurationIsVisible = 0;
			defaultConfigurationName = Release;
		};
		66D39AF0249181440037131C /* Build configuration list for PBXNativeTarget "BaseProcessors" */ = {
			isa = XCConfigurationList;
			buildConfigurations = (
				66D39AF1249181440037131C /* Debug */,
				66D39AF2249181440037131C /* Release */,
			);
			defaultConfigurationIsVisible = 0;
			defaultConfigurationName = Release;
		};
/* End XCConfigurationList section */
	};
	rootObject = 66D39ADD249181440037131C /* Project object */;
}
