// !$*UTF8*$!
{
	archiveVersion = 1;
	classes = {
	};
	objectVersion = 50;
	objects = {

/* Begin PBXBuildFile section */
		6637A56D2495408200E489FC /* ThresholdProcessor.hpp in Headers */ = {isa = PBXBuildFile; fileRef = 6637A54C2495408200E489FC /* ThresholdProcessor.hpp */; };
		6637A56E2495408200E489FC /* ThresholdProcessor.cpp in Sources */ = {isa = PBXBuildFile; fileRef = 6637A54D2495408200E489FC /* ThresholdProcessor.cpp */; };
		6637A56F2495408200E489FC /* WatershedProcessor.cpp in Sources */ = {isa = PBXBuildFile; fileRef = 6637A54F2495408200E489FC /* WatershedProcessor.cpp */; };
		6637A5702495408200E489FC /* WatershedProcessor.hpp in Headers */ = {isa = PBXBuildFile; fileRef = 6637A5502495408200E489FC /* WatershedProcessor.hpp */; };
		6637A5712495408200E489FC /* ImageCropProcessor.cpp in Sources */ = {isa = PBXBuildFile; fileRef = 6637A5522495408200E489FC /* ImageCropProcessor.cpp */; };
		6637A5722495408200E489FC /* ImageCropProcessor.hpp in Headers */ = {isa = PBXBuildFile; fileRef = 6637A5532495408200E489FC /* ImageCropProcessor.hpp */; };
		6637A5732495408200E489FC /* CvtColorProcessor.cpp in Sources */ = {isa = PBXBuildFile; fileRef = 6637A5552495408200E489FC /* CvtColorProcessor.cpp */; };
		6637A5742495408200E489FC /* CvtColorProcessor.hpp in Headers */ = {isa = PBXBuildFile; fileRef = 6637A5562495408200E489FC /* CvtColorProcessor.hpp */; };
		6637A5752495408200E489FC /* BilateralBlur.cpp in Sources */ = {isa = PBXBuildFile; fileRef = 6637A5592495408200E489FC /* BilateralBlur.cpp */; };
		6637A5762495408200E489FC /* BilateralBlur.hpp in Headers */ = {isa = PBXBuildFile; fileRef = 6637A55A2495408200E489FC /* BilateralBlur.hpp */; };
		6637A5772495408200E489FC /* MedianBlurProcessor.hpp in Headers */ = {isa = PBXBuildFile; fileRef = 6637A55C2495408200E489FC /* MedianBlurProcessor.hpp */; };
		6637A5782495408200E489FC /* MedianBlurProcessor.cpp in Sources */ = {isa = PBXBuildFile; fileRef = 6637A55D2495408200E489FC /* MedianBlurProcessor.cpp */; };
		6637A5792495408200E489FC /* AverageBlur.cpp in Sources */ = {isa = PBXBuildFile; fileRef = 6637A55F2495408200E489FC /* AverageBlur.cpp */; };
		6637A57A2495408200E489FC /* AverageBlur.hpp in Headers */ = {isa = PBXBuildFile; fileRef = 6637A5602495408200E489FC /* AverageBlur.hpp */; };
		6637A57B2495408200E489FC /* GaussianBlurProcessor.hpp in Headers */ = {isa = PBXBuildFile; fileRef = 6637A5622495408200E489FC /* GaussianBlurProcessor.hpp */; };
		6637A57C2495408200E489FC /* GaussianBlurProcessor.cpp in Sources */ = {isa = PBXBuildFile; fileRef = 6637A5632495408200E489FC /* GaussianBlurProcessor.cpp */; };
		6637A57D2495408200E489FC /* DistanceTransformProcessor.hpp in Headers */ = {isa = PBXBuildFile; fileRef = 6637A5652495408200E489FC /* DistanceTransformProcessor.hpp */; };
		6637A57E2495408200E489FC /* DistanceTransformProcessor.cpp in Sources */ = {isa = PBXBuildFile; fileRef = 6637A5662495408200E489FC /* DistanceTransformProcessor.cpp */; };
		6637A57F2495408200E489FC /* ImagePropertiesProcessor.hpp in Headers */ = {isa = PBXBuildFile; fileRef = 6637A5682495408200E489FC /* ImagePropertiesProcessor.hpp */; };
		6637A5802495408200E489FC /* ImagePropertiesProcessor.cpp in Sources */ = {isa = PBXBuildFile; fileRef = 6637A5692495408200E489FC /* ImagePropertiesProcessor.cpp */; };
		6637A5812495408200E489FC /* NormalizeProcessor.cpp in Sources */ = {isa = PBXBuildFile; fileRef = 6637A56B2495408200E489FC /* NormalizeProcessor.cpp */; };
		6637A5822495408200E489FC /* NormalizeProcessor.hpp in Headers */ = {isa = PBXBuildFile; fileRef = 6637A56C2495408200E489FC /* NormalizeProcessor.hpp */; };
		6637A58D24954A4800E489FC /* ImageResize.hpp in Headers */ = {isa = PBXBuildFile; fileRef = 6637A58B24954A4800E489FC /* ImageResize.hpp */; };
		6637A58E24954A4800E489FC /* ImageResize.cpp in Sources */ = {isa = PBXBuildFile; fileRef = 6637A58C24954A4800E489FC /* ImageResize.cpp */; };
		66570B292492994100A48092 /* CarNumbersDetector.cpp in Sources */ = {isa = PBXBuildFile; fileRef = 66570B272492994100A48092 /* CarNumbersDetector.cpp */; };
		66570B2A2492994100A48092 /* CarNumbersDetector.hpp in Headers */ = {isa = PBXBuildFile; fileRef = 66570B282492994100A48092 /* CarNumbersDetector.hpp */; };
		66570B2F2492A52300A48092 /* BaseDetector.cpp in Sources */ = {isa = PBXBuildFile; fileRef = 66570B2D2492A52300A48092 /* BaseDetector.cpp */; };
		66570B302492A52300A48092 /* BaseDetector.hpp in Headers */ = {isa = PBXBuildFile; fileRef = 66570B2E2492A52300A48092 /* BaseDetector.hpp */; };
		66570B352492AF6A00A48092 /* CarNumbersSaver.cpp in Sources */ = {isa = PBXBuildFile; fileRef = 66570B332492AF6A00A48092 /* CarNumbersSaver.cpp */; };
		66570B362492AF6A00A48092 /* CarNumbersSaver.hpp in Headers */ = {isa = PBXBuildFile; fileRef = 66570B342492AF6A00A48092 /* CarNumbersSaver.hpp */; };
		66570B3F2492D11400A48092 /* ImageSaver.cpp in Sources */ = {isa = PBXBuildFile; fileRef = 66570B3D2492D11400A48092 /* ImageSaver.cpp */; };
		66570B402492D11400A48092 /* ImageSaver.hpp in Headers */ = {isa = PBXBuildFile; fileRef = 66570B3E2492D11400A48092 /* ImageSaver.hpp */; };
		66D39B192491852D0037131C /* FaceDetectProcessor.hpp in Headers */ = {isa = PBXBuildFile; fileRef = 66D39B132491852D0037131C /* FaceDetectProcessor.hpp */; };
		66D39B1A2491852D0037131C /* FaceDetectProcessor.cpp in Sources */ = {isa = PBXBuildFile; fileRef = 66D39B142491852D0037131C /* FaceDetectProcessor.cpp */; };
		66EF59852493EFB10080E6EC /* CarNumberFill.cpp in Sources */ = {isa = PBXBuildFile; fileRef = 66EF59832493EFB10080E6EC /* CarNumberFill.cpp */; };
		66EF59862493EFB10080E6EC /* CarNumberFill.hpp in Headers */ = {isa = PBXBuildFile; fileRef = 66EF59842493EFB10080E6EC /* CarNumberFill.hpp */; };
		66EF598A2493F0CD0080E6EC /* BaseCarDetector.cpp in Sources */ = {isa = PBXBuildFile; fileRef = 66EF59882493F0CD0080E6EC /* BaseCarDetector.cpp */; };
		66EF598B2493F0CD0080E6EC /* BaseCarDetector.hpp in Headers */ = {isa = PBXBuildFile; fileRef = 66EF59892493F0CD0080E6EC /* BaseCarDetector.hpp */; };
		66EF598E2493F9790080E6EC /* FaceSaver.cpp in Sources */ = {isa = PBXBuildFile; fileRef = 66EF598C2493F9790080E6EC /* FaceSaver.cpp */; };
		66EF598F2493F9790080E6EC /* FaceSaver.hpp in Headers */ = {isa = PBXBuildFile; fileRef = 66EF598D2493F9790080E6EC /* FaceSaver.hpp */; };
		66EF59932493FAFD0080E6EC /* BaseFaceDetector.cpp in Sources */ = {isa = PBXBuildFile; fileRef = 66EF59912493FAFD0080E6EC /* BaseFaceDetector.cpp */; };
		66EF59942493FAFD0080E6EC /* BaseFaceDetector.hpp in Headers */ = {isa = PBXBuildFile; fileRef = 66EF59922493FAFD0080E6EC /* BaseFaceDetector.hpp */; };
/* End PBXBuildFile section */

/* Begin PBXFileReference section */
		6637A54C2495408200E489FC /* ThresholdProcessor.hpp */ = {isa = PBXFileReference; fileEncoding = 4; lastKnownFileType = sourcecode.cpp.h; path = ThresholdProcessor.hpp; sourceTree = "<group>"; };
		6637A54D2495408200E489FC /* ThresholdProcessor.cpp */ = {isa = PBXFileReference; fileEncoding = 4; lastKnownFileType = sourcecode.cpp.cpp; path = ThresholdProcessor.cpp; sourceTree = "<group>"; };
		6637A54F2495408200E489FC /* WatershedProcessor.cpp */ = {isa = PBXFileReference; fileEncoding = 4; lastKnownFileType = sourcecode.cpp.cpp; path = WatershedProcessor.cpp; sourceTree = "<group>"; };
		6637A5502495408200E489FC /* WatershedProcessor.hpp */ = {isa = PBXFileReference; fileEncoding = 4; lastKnownFileType = sourcecode.cpp.h; path = WatershedProcessor.hpp; sourceTree = "<group>"; };
		6637A5522495408200E489FC /* ImageCropProcessor.cpp */ = {isa = PBXFileReference; fileEncoding = 4; lastKnownFileType = sourcecode.cpp.cpp; path = ImageCropProcessor.cpp; sourceTree = "<group>"; };
		6637A5532495408200E489FC /* ImageCropProcessor.hpp */ = {isa = PBXFileReference; fileEncoding = 4; lastKnownFileType = sourcecode.cpp.h; path = ImageCropProcessor.hpp; sourceTree = "<group>"; };
		6637A5552495408200E489FC /* CvtColorProcessor.cpp */ = {isa = PBXFileReference; fileEncoding = 4; lastKnownFileType = sourcecode.cpp.cpp; path = CvtColorProcessor.cpp; sourceTree = "<group>"; };
		6637A5562495408200E489FC /* CvtColorProcessor.hpp */ = {isa = PBXFileReference; fileEncoding = 4; lastKnownFileType = sourcecode.cpp.h; path = CvtColorProcessor.hpp; sourceTree = "<group>"; };
		6637A5592495408200E489FC /* BilateralBlur.cpp */ = {isa = PBXFileReference; fileEncoding = 4; lastKnownFileType = sourcecode.cpp.cpp; path = BilateralBlur.cpp; sourceTree = "<group>"; };
		6637A55A2495408200E489FC /* BilateralBlur.hpp */ = {isa = PBXFileReference; fileEncoding = 4; lastKnownFileType = sourcecode.cpp.h; path = BilateralBlur.hpp; sourceTree = "<group>"; };
		6637A55C2495408200E489FC /* MedianBlurProcessor.hpp */ = {isa = PBXFileReference; fileEncoding = 4; lastKnownFileType = sourcecode.cpp.h; path = MedianBlurProcessor.hpp; sourceTree = "<group>"; };
		6637A55D2495408200E489FC /* MedianBlurProcessor.cpp */ = {isa = PBXFileReference; fileEncoding = 4; lastKnownFileType = sourcecode.cpp.cpp; path = MedianBlurProcessor.cpp; sourceTree = "<group>"; };
		6637A55F2495408200E489FC /* AverageBlur.cpp */ = {isa = PBXFileReference; fileEncoding = 4; lastKnownFileType = sourcecode.cpp.cpp; path = AverageBlur.cpp; sourceTree = "<group>"; };
		6637A5602495408200E489FC /* AverageBlur.hpp */ = {isa = PBXFileReference; fileEncoding = 4; lastKnownFileType = sourcecode.cpp.h; path = AverageBlur.hpp; sourceTree = "<group>"; };
		6637A5622495408200E489FC /* GaussianBlurProcessor.hpp */ = {isa = PBXFileReference; fileEncoding = 4; lastKnownFileType = sourcecode.cpp.h; path = GaussianBlurProcessor.hpp; sourceTree = "<group>"; };
		6637A5632495408200E489FC /* GaussianBlurProcessor.cpp */ = {isa = PBXFileReference; fileEncoding = 4; lastKnownFileType = sourcecode.cpp.cpp; path = GaussianBlurProcessor.cpp; sourceTree = "<group>"; };
		6637A5652495408200E489FC /* DistanceTransformProcessor.hpp */ = {isa = PBXFileReference; fileEncoding = 4; lastKnownFileType = sourcecode.cpp.h; path = DistanceTransformProcessor.hpp; sourceTree = "<group>"; };
		6637A5662495408200E489FC /* DistanceTransformProcessor.cpp */ = {isa = PBXFileReference; fileEncoding = 4; lastKnownFileType = sourcecode.cpp.cpp; path = DistanceTransformProcessor.cpp; sourceTree = "<group>"; };
		6637A5682495408200E489FC /* ImagePropertiesProcessor.hpp */ = {isa = PBXFileReference; fileEncoding = 4; lastKnownFileType = sourcecode.cpp.h; path = ImagePropertiesProcessor.hpp; sourceTree = "<group>"; };
		6637A5692495408200E489FC /* ImagePropertiesProcessor.cpp */ = {isa = PBXFileReference; fileEncoding = 4; lastKnownFileType = sourcecode.cpp.cpp; path = ImagePropertiesProcessor.cpp; sourceTree = "<group>"; };
		6637A56B2495408200E489FC /* NormalizeProcessor.cpp */ = {isa = PBXFileReference; fileEncoding = 4; lastKnownFileType = sourcecode.cpp.cpp; path = NormalizeProcessor.cpp; sourceTree = "<group>"; };
		6637A56C2495408200E489FC /* NormalizeProcessor.hpp */ = {isa = PBXFileReference; fileEncoding = 4; lastKnownFileType = sourcecode.cpp.h; path = NormalizeProcessor.hpp; sourceTree = "<group>"; };
		6637A58B24954A4800E489FC /* ImageResize.hpp */ = {isa = PBXFileReference; fileEncoding = 4; lastKnownFileType = sourcecode.cpp.h; path = ImageResize.hpp; sourceTree = "<group>"; };
		6637A58C24954A4800E489FC /* ImageResize.cpp */ = {isa = PBXFileReference; fileEncoding = 4; lastKnownFileType = sourcecode.cpp.cpp; path = ImageResize.cpp; sourceTree = "<group>"; };
		66570B272492994100A48092 /* CarNumbersDetector.cpp */ = {isa = PBXFileReference; lastKnownFileType = sourcecode.cpp.cpp; path = CarNumbersDetector.cpp; sourceTree = "<group>"; };
		66570B282492994100A48092 /* CarNumbersDetector.hpp */ = {isa = PBXFileReference; lastKnownFileType = sourcecode.cpp.h; path = CarNumbersDetector.hpp; sourceTree = "<group>"; };
		66570B2D2492A52300A48092 /* BaseDetector.cpp */ = {isa = PBXFileReference; lastKnownFileType = sourcecode.cpp.cpp; path = BaseDetector.cpp; sourceTree = "<group>"; };
		66570B2E2492A52300A48092 /* BaseDetector.hpp */ = {isa = PBXFileReference; lastKnownFileType = sourcecode.cpp.h; path = BaseDetector.hpp; sourceTree = "<group>"; };
		66570B332492AF6A00A48092 /* CarNumbersSaver.cpp */ = {isa = PBXFileReference; lastKnownFileType = sourcecode.cpp.cpp; path = CarNumbersSaver.cpp; sourceTree = "<group>"; };
		66570B342492AF6A00A48092 /* CarNumbersSaver.hpp */ = {isa = PBXFileReference; lastKnownFileType = sourcecode.cpp.h; path = CarNumbersSaver.hpp; sourceTree = "<group>"; };
		66570B3D2492D11400A48092 /* ImageSaver.cpp */ = {isa = PBXFileReference; lastKnownFileType = sourcecode.cpp.cpp; path = ImageSaver.cpp; sourceTree = "<group>"; };
		66570B3E2492D11400A48092 /* ImageSaver.hpp */ = {isa = PBXFileReference; lastKnownFileType = sourcecode.cpp.h; path = ImageSaver.hpp; sourceTree = "<group>"; };
		66D39B04249183E00037131C /* libImageProcessors.dylib */ = {isa = PBXFileReference; explicitFileType = "compiled.mach-o.dylib"; includeInIndex = 0; path = libImageProcessors.dylib; sourceTree = BUILT_PRODUCTS_DIR; };
		66D39B132491852D0037131C /* FaceDetectProcessor.hpp */ = {isa = PBXFileReference; fileEncoding = 4; lastKnownFileType = sourcecode.cpp.h; path = FaceDetectProcessor.hpp; sourceTree = "<group>"; };
		66D39B142491852D0037131C /* FaceDetectProcessor.cpp */ = {isa = PBXFileReference; fileEncoding = 4; lastKnownFileType = sourcecode.cpp.cpp; path = FaceDetectProcessor.cpp; sourceTree = "<group>"; };
		66EF59832493EFB10080E6EC /* CarNumberFill.cpp */ = {isa = PBXFileReference; lastKnownFileType = sourcecode.cpp.cpp; path = CarNumberFill.cpp; sourceTree = "<group>"; };
		66EF59842493EFB10080E6EC /* CarNumberFill.hpp */ = {isa = PBXFileReference; lastKnownFileType = sourcecode.cpp.h; path = CarNumberFill.hpp; sourceTree = "<group>"; };
		66EF59882493F0CD0080E6EC /* BaseCarDetector.cpp */ = {isa = PBXFileReference; lastKnownFileType = sourcecode.cpp.cpp; path = BaseCarDetector.cpp; sourceTree = "<group>"; };
		66EF59892493F0CD0080E6EC /* BaseCarDetector.hpp */ = {isa = PBXFileReference; lastKnownFileType = sourcecode.cpp.h; path = BaseCarDetector.hpp; sourceTree = "<group>"; };
		66EF598C2493F9790080E6EC /* FaceSaver.cpp */ = {isa = PBXFileReference; lastKnownFileType = sourcecode.cpp.cpp; path = FaceSaver.cpp; sourceTree = "<group>"; };
		66EF598D2493F9790080E6EC /* FaceSaver.hpp */ = {isa = PBXFileReference; lastKnownFileType = sourcecode.cpp.h; path = FaceSaver.hpp; sourceTree = "<group>"; };
		66EF59912493FAFD0080E6EC /* BaseFaceDetector.cpp */ = {isa = PBXFileReference; lastKnownFileType = sourcecode.cpp.cpp; path = BaseFaceDetector.cpp; sourceTree = "<group>"; };
		66EF59922493FAFD0080E6EC /* BaseFaceDetector.hpp */ = {isa = PBXFileReference; lastKnownFileType = sourcecode.cpp.h; path = BaseFaceDetector.hpp; sourceTree = "<group>"; };
/* End PBXFileReference section */

/* Begin PBXFrameworksBuildPhase section */
		66D39B02249183E00037131C /* Frameworks */ = {
			isa = PBXFrameworksBuildPhase;
			buildActionMask = 2147483647;
			files = (
			);
			runOnlyForDeploymentPostprocessing = 0;
		};
/* End PBXFrameworksBuildPhase section */

/* Begin PBXGroup section */
		6637A54B2495408200E489FC /* Threshold */ = {
			isa = PBXGroup;
			children = (
				6637A54C2495408200E489FC /* ThresholdProcessor.hpp */,
				6637A54D2495408200E489FC /* ThresholdProcessor.cpp */,
			);
			path = Threshold;
			sourceTree = "<group>";
		};
		6637A54E2495408200E489FC /* Watershed */ = {
			isa = PBXGroup;
			children = (
				6637A54F2495408200E489FC /* WatershedProcessor.cpp */,
				6637A5502495408200E489FC /* WatershedProcessor.hpp */,
			);
			path = Watershed;
			sourceTree = "<group>";
		};
		6637A5512495408200E489FC /* ImageCrop */ = {
			isa = PBXGroup;
			children = (
				6637A5522495408200E489FC /* ImageCropProcessor.cpp */,
				6637A5532495408200E489FC /* ImageCropProcessor.hpp */,
			);
			path = ImageCrop;
			sourceTree = "<group>";
		};
		6637A5542495408200E489FC /* CvtColor */ = {
			isa = PBXGroup;
			children = (
				6637A5552495408200E489FC /* CvtColorProcessor.cpp */,
				6637A5562495408200E489FC /* CvtColorProcessor.hpp */,
			);
			path = CvtColor;
			sourceTree = "<group>";
		};
		6637A5572495408200E489FC /* Blur */ = {
			isa = PBXGroup;
			children = (
				6637A5582495408200E489FC /* BilateralBlur */,
				6637A55B2495408200E489FC /* MedianBlurProcessor */,
				6637A55E2495408200E489FC /* AverageBlur */,
				6637A5612495408200E489FC /* GaussianBlurProcessor */,
			);
			path = Blur;
			sourceTree = "<group>";
		};
		6637A5582495408200E489FC /* BilateralBlur */ = {
			isa = PBXGroup;
			children = (
				6637A5592495408200E489FC /* BilateralBlur.cpp */,
				6637A55A2495408200E489FC /* BilateralBlur.hpp */,
			);
			path = BilateralBlur;
			sourceTree = "<group>";
		};
		6637A55B2495408200E489FC /* MedianBlurProcessor */ = {
			isa = PBXGroup;
			children = (
				6637A55C2495408200E489FC /* MedianBlurProcessor.hpp */,
				6637A55D2495408200E489FC /* MedianBlurProcessor.cpp */,
			);
			path = MedianBlurProcessor;
			sourceTree = "<group>";
		};
		6637A55E2495408200E489FC /* AverageBlur */ = {
			isa = PBXGroup;
			children = (
				6637A55F2495408200E489FC /* AverageBlur.cpp */,
				6637A5602495408200E489FC /* AverageBlur.hpp */,
			);
			path = AverageBlur;
			sourceTree = "<group>";
		};
		6637A5612495408200E489FC /* GaussianBlurProcessor */ = {
			isa = PBXGroup;
			children = (
				6637A5622495408200E489FC /* GaussianBlurProcessor.hpp */,
				6637A5632495408200E489FC /* GaussianBlurProcessor.cpp */,
			);
			path = GaussianBlurProcessor;
			sourceTree = "<group>";
		};
		6637A5642495408200E489FC /* DistanceTransform */ = {
			isa = PBXGroup;
			children = (
				6637A5652495408200E489FC /* DistanceTransformProcessor.hpp */,
				6637A5662495408200E489FC /* DistanceTransformProcessor.cpp */,
			);
			path = DistanceTransform;
			sourceTree = "<group>";
		};
		6637A5672495408200E489FC /* ImageProperties */ = {
			isa = PBXGroup;
			children = (
				6637A5682495408200E489FC /* ImagePropertiesProcessor.hpp */,
				6637A5692495408200E489FC /* ImagePropertiesProcessor.cpp */,
			);
			path = ImageProperties;
			sourceTree = "<group>";
		};
		6637A56A2495408200E489FC /* Normalize */ = {
			isa = PBXGroup;
			children = (
				6637A56B2495408200E489FC /* NormalizeProcessor.cpp */,
				6637A56C2495408200E489FC /* NormalizeProcessor.hpp */,
			);
			path = Normalize;
			sourceTree = "<group>";
		};
		6637A58A24954A4800E489FC /* ImageResize */ = {
			isa = PBXGroup;
			children = (
				6637A58B24954A4800E489FC /* ImageResize.hpp */,
				6637A58C24954A4800E489FC /* ImageResize.cpp */,
			);
			path = ImageResize;
			sourceTree = "<group>";
		};
		66570B222492989500A48092 /* Detectors */ = {
			isa = PBXGroup;
			children = (
				66570B2C2492A4E400A48092 /* BaseDetector */,
				66570B24249298C300A48092 /* CarNumbersDetector */,
				66570B23249298B100A48092 /* FaceDetector */,
			);
			path = Detectors;
			sourceTree = "<group>";
		};
		66570B23249298B100A48092 /* FaceDetector */ = {
			isa = PBXGroup;
			children = (
				66EF59902493FAD80080E6EC /* BaseFaceDetector */,
				66EF59812493EEB90080E6EC /* FaceSaver */,
				66EF59802493EEAF0080E6EC /* FaceDetectProcessor */,
			);
			path = FaceDetector;
			sourceTree = "<group>";
		};
		66570B24249298C300A48092 /* CarNumbersDetector */ = {
			isa = PBXGroup;
			children = (
				66EF59872493F06D0080E6EC /* BaseCarDetector */,
				66EF59822493EF8B0080E6EC /* CarNumberFill */,
				66570B322492AF3100A48092 /* CarNumbersSaver */,
				66570B312492AF1D00A48092 /* CarNumbersDetector */,
			);
			path = CarNumbersDetector;
			sourceTree = "<group>";
		};
		66570B2C2492A4E400A48092 /* BaseDetector */ = {
			isa = PBXGroup;
			children = (
				66570B2D2492A52300A48092 /* BaseDetector.cpp */,
				66570B2E2492A52300A48092 /* BaseDetector.hpp */,
			);
			path = BaseDetector;
			sourceTree = "<group>";
		};
		66570B312492AF1D00A48092 /* CarNumbersDetector */ = {
			isa = PBXGroup;
			children = (
				66570B272492994100A48092 /* CarNumbersDetector.cpp */,
				66570B282492994100A48092 /* CarNumbersDetector.hpp */,
			);
			path = CarNumbersDetector;
			sourceTree = "<group>";
		};
		66570B322492AF3100A48092 /* CarNumbersSaver */ = {
			isa = PBXGroup;
			children = (
				66570B332492AF6A00A48092 /* CarNumbersSaver.cpp */,
				66570B342492AF6A00A48092 /* CarNumbersSaver.hpp */,
			);
			path = CarNumbersSaver;
			sourceTree = "<group>";
		};
		66570B3C2492D10000A48092 /* ImageSaver */ = {
			isa = PBXGroup;
			children = (
				66570B3D2492D11400A48092 /* ImageSaver.cpp */,
				66570B3E2492D11400A48092 /* ImageSaver.hpp */,
			);
			path = ImageSaver;
			sourceTree = "<group>";
		};
		66D39AFB249183E00037131C = {
			isa = PBXGroup;
			children = (
				66D39B06249183E00037131C /* ImageProcessors */,
				66D39B05249183E00037131C /* Products */,
			);
			sourceTree = "<group>";
		};
		66D39B05249183E00037131C /* Products */ = {
			isa = PBXGroup;
			children = (
				66D39B04249183E00037131C /* libImageProcessors.dylib */,
			);
			name = Products;
			sourceTree = "<group>";
		};
		66D39B06249183E00037131C /* ImageProcessors */ = {
			isa = PBXGroup;
			children = (
				6637A58A24954A4800E489FC /* ImageResize */,
				6637A5572495408200E489FC /* Blur */,
				6637A5542495408200E489FC /* CvtColor */,
				6637A5642495408200E489FC /* DistanceTransform */,
				6637A5512495408200E489FC /* ImageCrop */,
				6637A5672495408200E489FC /* ImageProperties */,
				6637A56A2495408200E489FC /* Normalize */,
				6637A54B2495408200E489FC /* Threshold */,
				6637A54E2495408200E489FC /* Watershed */,
				66570B3C2492D10000A48092 /* ImageSaver */,
				66570B222492989500A48092 /* Detectors */,
			);
			path = ImageProcessors;
			sourceTree = "<group>";
		};
		66EF59802493EEAF0080E6EC /* FaceDetectProcessor */ = {
			isa = PBXGroup;
			children = (
				66D39B142491852D0037131C /* FaceDetectProcessor.cpp */,
				66D39B132491852D0037131C /* FaceDetectProcessor.hpp */,
			);
			path = FaceDetectProcessor;
			sourceTree = "<group>";
		};
		66EF59812493EEB90080E6EC /* FaceSaver */ = {
			isa = PBXGroup;
			children = (
				66EF598C2493F9790080E6EC /* FaceSaver.cpp */,
				66EF598D2493F9790080E6EC /* FaceSaver.hpp */,
			);
			path = FaceSaver;
			sourceTree = "<group>";
		};
		66EF59822493EF8B0080E6EC /* CarNumberFill */ = {
			isa = PBXGroup;
			children = (
				66EF59832493EFB10080E6EC /* CarNumberFill.cpp */,
				66EF59842493EFB10080E6EC /* CarNumberFill.hpp */,
			);
			path = CarNumberFill;
			sourceTree = "<group>";
		};
		66EF59872493F06D0080E6EC /* BaseCarDetector */ = {
			isa = PBXGroup;
			children = (
				66EF59882493F0CD0080E6EC /* BaseCarDetector.cpp */,
				66EF59892493F0CD0080E6EC /* BaseCarDetector.hpp */,
			);
			path = BaseCarDetector;
			sourceTree = "<group>";
		};
		66EF59902493FAD80080E6EC /* BaseFaceDetector */ = {
			isa = PBXGroup;
			children = (
				66EF59912493FAFD0080E6EC /* BaseFaceDetector.cpp */,
				66EF59922493FAFD0080E6EC /* BaseFaceDetector.hpp */,
			);
			path = BaseFaceDetector;
			sourceTree = "<group>";
		};
/* End PBXGroup section */

/* Begin PBXHeadersBuildPhase section */
		66D39B00249183E00037131C /* Headers */ = {
			isa = PBXHeadersBuildPhase;
			buildActionMask = 2147483647;
			files = (
				66570B2A2492994100A48092 /* CarNumbersDetector.hpp in Headers */,
				6637A5822495408200E489FC /* NormalizeProcessor.hpp in Headers */,
				6637A58D24954A4800E489FC /* ImageResize.hpp in Headers */,
				6637A57D2495408200E489FC /* DistanceTransformProcessor.hpp in Headers */,
				66D39B192491852D0037131C /* FaceDetectProcessor.hpp in Headers */,
				6637A5762495408200E489FC /* BilateralBlur.hpp in Headers */,
				66EF598F2493F9790080E6EC /* FaceSaver.hpp in Headers */,
				66570B362492AF6A00A48092 /* CarNumbersSaver.hpp in Headers */,
				6637A57A2495408200E489FC /* AverageBlur.hpp in Headers */,
				66EF59942493FAFD0080E6EC /* BaseFaceDetector.hpp in Headers */,
				6637A57F2495408200E489FC /* ImagePropertiesProcessor.hpp in Headers */,
				66EF598B2493F0CD0080E6EC /* BaseCarDetector.hpp in Headers */,
				6637A5742495408200E489FC /* CvtColorProcessor.hpp in Headers */,
				66570B302492A52300A48092 /* BaseDetector.hpp in Headers */,
				66EF59862493EFB10080E6EC /* CarNumberFill.hpp in Headers */,
				66570B402492D11400A48092 /* ImageSaver.hpp in Headers */,
				6637A56D2495408200E489FC /* ThresholdProcessor.hpp in Headers */,
				6637A5702495408200E489FC /* WatershedProcessor.hpp in Headers */,
				6637A5772495408200E489FC /* MedianBlurProcessor.hpp in Headers */,
				6637A5722495408200E489FC /* ImageCropProcessor.hpp in Headers */,
				6637A57B2495408200E489FC /* GaussianBlurProcessor.hpp in Headers */,
			);
			runOnlyForDeploymentPostprocessing = 0;
		};
/* End PBXHeadersBuildPhase section */

/* Begin PBXNativeTarget section */
		66D39B03249183E00037131C /* ImageProcessors */ = {
			isa = PBXNativeTarget;
			buildConfigurationList = 66D39B0F249183E00037131C /* Build configuration list for PBXNativeTarget "ImageProcessors" */;
			buildPhases = (
				66D39B00249183E00037131C /* Headers */,
				66D39B01249183E00037131C /* Sources */,
				66D39B02249183E00037131C /* Frameworks */,
			);
			buildRules = (
			);
			dependencies = (
			);
			name = ImageProcessors;
			productName = ImageProcessors;
			productReference = 66D39B04249183E00037131C /* libImageProcessors.dylib */;
			productType = "com.apple.product-type.library.dynamic";
		};
/* End PBXNativeTarget section */

/* Begin PBXProject section */
		66D39AFC249183E00037131C /* Project object */ = {
			isa = PBXProject;
			attributes = {
				LastUpgradeCheck = 1150;
				ORGANIZATIONNAME = "Артём Новиков";
				TargetAttributes = {
					66D39B03249183E00037131C = {
						CreatedOnToolsVersion = 11.5;
					};
				};
			};
			buildConfigurationList = 66D39AFF249183E00037131C /* Build configuration list for PBXProject "ImageProcessors" */;
			compatibilityVersion = "Xcode 9.3";
			developmentRegion = en;
			hasScannedForEncodings = 0;
			knownRegions = (
				en,
				Base,
			);
			mainGroup = 66D39AFB249183E00037131C;
			productRefGroup = 66D39B05249183E00037131C /* Products */;
			projectDirPath = "";
			projectRoot = "";
			targets = (
				66D39B03249183E00037131C /* ImageProcessors */,
			);
		};
/* End PBXProject section */

/* Begin PBXSourcesBuildPhase section */
		66D39B01249183E00037131C /* Sources */ = {
			isa = PBXSourcesBuildPhase;
			buildActionMask = 2147483647;
			files = (
				6637A5792495408200E489FC /* AverageBlur.cpp in Sources */,
				66EF59852493EFB10080E6EC /* CarNumberFill.cpp in Sources */,
				66D39B1A2491852D0037131C /* FaceDetectProcessor.cpp in Sources */,
				66570B2F2492A52300A48092 /* BaseDetector.cpp in Sources */,
				66570B3F2492D11400A48092 /* ImageSaver.cpp in Sources */,
				6637A56E2495408200E489FC /* ThresholdProcessor.cpp in Sources */,
				66EF598A2493F0CD0080E6EC /* BaseCarDetector.cpp in Sources */,
				6637A57C2495408200E489FC /* GaussianBlurProcessor.cpp in Sources */,
				6637A56F2495408200E489FC /* WatershedProcessor.cpp in Sources */,
				6637A5752495408200E489FC /* BilateralBlur.cpp in Sources */,
				66EF598E2493F9790080E6EC /* FaceSaver.cpp in Sources */,
				6637A58E24954A4800E489FC /* ImageResize.cpp in Sources */,
				66570B292492994100A48092 /* CarNumbersDetector.cpp in Sources */,
				6637A57E2495408200E489FC /* DistanceTransformProcessor.cpp in Sources */,
				6637A5732495408200E489FC /* CvtColorProcessor.cpp in Sources */,
				6637A5802495408200E489FC /* ImagePropertiesProcessor.cpp in Sources */,
				66EF59932493FAFD0080E6EC /* BaseFaceDetector.cpp in Sources */,
				6637A5812495408200E489FC /* NormalizeProcessor.cpp in Sources */,
				6637A5712495408200E489FC /* ImageCropProcessor.cpp in Sources */,
				6637A5782495408200E489FC /* MedianBlurProcessor.cpp in Sources */,
				66570B352492AF6A00A48092 /* CarNumbersSaver.cpp in Sources */,
			);
			runOnlyForDeploymentPostprocessing = 0;
		};
/* End PBXSourcesBuildPhase section */

/* Begin XCBuildConfiguration section */
		66D39B0D249183E00037131C /* Debug */ = {
			isa = XCBuildConfiguration;
			buildSettings = {
				ALWAYS_SEARCH_USER_PATHS = NO;
				CLANG_ANALYZER_NONNULL = YES;
				CLANG_ANALYZER_NUMBER_OBJECT_CONVERSION = YES_AGGRESSIVE;
				CLANG_CXX_LANGUAGE_STANDARD = "gnu++14";
				CLANG_CXX_LIBRARY = "libc++";
				CLANG_ENABLE_MODULES = YES;
				CLANG_ENABLE_OBJC_ARC = YES;
				CLANG_ENABLE_OBJC_WEAK = YES;
				CLANG_WARN_BLOCK_CAPTURE_AUTORELEASING = YES;
				CLANG_WARN_BOOL_CONVERSION = YES;
				CLANG_WARN_COMMA = YES;
				CLANG_WARN_CONSTANT_CONVERSION = YES;
				CLANG_WARN_DEPRECATED_OBJC_IMPLEMENTATIONS = YES;
				CLANG_WARN_DIRECT_OBJC_ISA_USAGE = YES_ERROR;
				CLANG_WARN_DOCUMENTATION_COMMENTS = YES;
				CLANG_WARN_EMPTY_BODY = YES;
				CLANG_WARN_ENUM_CONVERSION = YES;
				CLANG_WARN_INFINITE_RECURSION = YES;
				CLANG_WARN_INT_CONVERSION = YES;
				CLANG_WARN_NON_LITERAL_NULL_CONVERSION = YES;
				CLANG_WARN_OBJC_IMPLICIT_RETAIN_SELF = YES;
				CLANG_WARN_OBJC_LITERAL_CONVERSION = YES;
				CLANG_WARN_OBJC_ROOT_CLASS = YES_ERROR;
				CLANG_WARN_RANGE_LOOP_ANALYSIS = YES;
				CLANG_WARN_STRICT_PROTOTYPES = YES;
				CLANG_WARN_SUSPICIOUS_MOVE = YES;
				CLANG_WARN_UNGUARDED_AVAILABILITY = YES_AGGRESSIVE;
				CLANG_WARN_UNREACHABLE_CODE = YES;
				CLANG_WARN__DUPLICATE_METHOD_MATCH = YES;
				COPY_PHASE_STRIP = NO;
				DEBUG_INFORMATION_FORMAT = dwarf;
				ENABLE_STRICT_OBJC_MSGSEND = YES;
				ENABLE_TESTABILITY = YES;
				GCC_C_LANGUAGE_STANDARD = gnu11;
				GCC_DYNAMIC_NO_PIC = NO;
				GCC_NO_COMMON_BLOCKS = YES;
				GCC_OPTIMIZATION_LEVEL = 0;
				GCC_PREPROCESSOR_DEFINITIONS = (
					"DEBUG=1",
					"$(inherited)",
				);
				GCC_WARN_64_TO_32_BIT_CONVERSION = YES;
				GCC_WARN_ABOUT_RETURN_TYPE = YES_ERROR;
				GCC_WARN_UNDECLARED_SELECTOR = YES;
				GCC_WARN_UNINITIALIZED_AUTOS = YES_AGGRESSIVE;
				GCC_WARN_UNUSED_FUNCTION = YES;
				GCC_WARN_UNUSED_VARIABLE = YES;
				MACOSX_DEPLOYMENT_TARGET = 10.15;
				MTL_ENABLE_DEBUG_INFO = INCLUDE_SOURCE;
				MTL_FAST_MATH = YES;
				ONLY_ACTIVE_ARCH = YES;
				SDKROOT = macosx;
			};
			name = Debug;
		};
		66D39B0E249183E00037131C /* Release */ = {
			isa = XCBuildConfiguration;
			buildSettings = {
				ALWAYS_SEARCH_USER_PATHS = NO;
				CLANG_ANALYZER_NONNULL = YES;
				CLANG_ANALYZER_NUMBER_OBJECT_CONVERSION = YES_AGGRESSIVE;
				CLANG_CXX_LANGUAGE_STANDARD = "gnu++14";
				CLANG_CXX_LIBRARY = "libc++";
				CLANG_ENABLE_MODULES = YES;
				CLANG_ENABLE_OBJC_ARC = YES;
				CLANG_ENABLE_OBJC_WEAK = YES;
				CLANG_WARN_BLOCK_CAPTURE_AUTORELEASING = YES;
				CLANG_WARN_BOOL_CONVERSION = YES;
				CLANG_WARN_COMMA = YES;
				CLANG_WARN_CONSTANT_CONVERSION = YES;
				CLANG_WARN_DEPRECATED_OBJC_IMPLEMENTATIONS = YES;
				CLANG_WARN_DIRECT_OBJC_ISA_USAGE = YES_ERROR;
				CLANG_WARN_DOCUMENTATION_COMMENTS = YES;
				CLANG_WARN_EMPTY_BODY = YES;
				CLANG_WARN_ENUM_CONVERSION = YES;
				CLANG_WARN_INFINITE_RECURSION = YES;
				CLANG_WARN_INT_CONVERSION = YES;
				CLANG_WARN_NON_LITERAL_NULL_CONVERSION = YES;
				CLANG_WARN_OBJC_IMPLICIT_RETAIN_SELF = YES;
				CLANG_WARN_OBJC_LITERAL_CONVERSION = YES;
				CLANG_WARN_OBJC_ROOT_CLASS = YES_ERROR;
				CLANG_WARN_RANGE_LOOP_ANALYSIS = YES;
				CLANG_WARN_STRICT_PROTOTYPES = YES;
				CLANG_WARN_SUSPICIOUS_MOVE = YES;
				CLANG_WARN_UNGUARDED_AVAILABILITY = YES_AGGRESSIVE;
				CLANG_WARN_UNREACHABLE_CODE = YES;
				CLANG_WARN__DUPLICATE_METHOD_MATCH = YES;
				COPY_PHASE_STRIP = NO;
				DEBUG_INFORMATION_FORMAT = "dwarf-with-dsym";
				ENABLE_NS_ASSERTIONS = NO;
				ENABLE_STRICT_OBJC_MSGSEND = YES;
				GCC_C_LANGUAGE_STANDARD = gnu11;
				GCC_NO_COMMON_BLOCKS = YES;
				GCC_WARN_64_TO_32_BIT_CONVERSION = YES;
				GCC_WARN_ABOUT_RETURN_TYPE = YES_ERROR;
				GCC_WARN_UNDECLARED_SELECTOR = YES;
				GCC_WARN_UNINITIALIZED_AUTOS = YES_AGGRESSIVE;
				GCC_WARN_UNUSED_FUNCTION = YES;
				GCC_WARN_UNUSED_VARIABLE = YES;
				MACOSX_DEPLOYMENT_TARGET = 10.15;
				MTL_ENABLE_DEBUG_INFO = NO;
				MTL_FAST_MATH = YES;
				SDKROOT = macosx;
			};
			name = Release;
		};
		66D39B10249183E00037131C /* Debug */ = {
			isa = XCBuildConfiguration;
			buildSettings = {
				CLANG_CXX_LANGUAGE_STANDARD = "gnu++17";
				CODE_SIGN_STYLE = Automatic;
				DEVELOPMENT_TEAM = F9F78MZ3Y9;
				DYLIB_COMPATIBILITY_VERSION = 1;
				DYLIB_CURRENT_VERSION = 1;
				EXECUTABLE_PREFIX = lib;
				GCC_ENABLE_CPP_EXCEPTIONS = YES;
				GCC_ENABLE_CPP_RTTI = YES;
				GCC_SYMBOLS_PRIVATE_EXTERN = YES;
				OTHER_LDFLAGS = (
					"/Users/artemnovikov/Documents/Учеба/Диплом/Scilmager/VisualIpcvEditor/ext/libVisualIPCV.dylib",
					/usr/local/lib/libopencv_core.4.3.0.dylib,
					/usr/local/lib/libopencv_imgproc.4.3.0.dylib,
					/usr/local/lib/libopencv_gapi.4.3.0.dylib,
					/usr/local/lib/libopencv_stitching.4.3.0.dylib,
					/usr/local/lib/libopencv_alphamat.4.3.0.dylib,
					/usr/local/lib/libopencv_aruco.4.3.0.dylib,
					/usr/local/lib/libopencv_bgsegm.4.3.0.dylib,
					/usr/local/lib/libopencv_bioinspired.4.3.0.dylib,
					/usr/local/lib/libopencv_ccalib.4.3.0.dylib,
					/usr/local/lib/libopencv_dnn_objdetect.4.3.0.dylib,
					/usr/local/lib/libopencv_dnn_superres.4.3.0.dylib,
					/usr/local/lib/libopencv_dpm.4.3.0.dylib,
					/usr/local/lib/libopencv_highgui.4.3.0.dylib,
					/usr/local/lib/libopencv_face.4.3.0.dylib,
					/usr/local/lib/libopencv_freetype.4.3.0.dylib,
					/usr/local/lib/libopencv_fuzzy.4.3.0.dylib,
					/usr/local/lib/libopencv_hfs.4.3.0.dylib,
					/usr/local/lib/libopencv_img_hash.4.3.0.dylib,
					/usr/local/lib/libopencv_intensity_transform.4.3.0.dylib,
					/usr/local/lib/libopencv_line_descriptor.4.3.0.dylib,
					/usr/local/lib/libopencv_quality.4.3.0.dylib,
					/usr/local/lib/libopencv_rapid.4.3.0.dylib,
					/usr/local/lib/libopencv_reg.4.3.0.dylib,
					/usr/local/lib/libopencv_rgbd.4.3.0.dylib,
					/usr/local/lib/libopencv_saliency.4.3.0.dylib,
					/usr/local/lib/libopencv_sfm.4.3.0.dylib,
					/usr/local/lib/libopencv_stereo.4.3.0.dylib,
					/usr/local/lib/libopencv_structured_light.4.3.0.dylib,
					/usr/local/lib/libopencv_phase_unwrapping.4.3.0.dylib,
					/usr/local/lib/libopencv_superres.4.3.0.dylib,
					/usr/local/lib/libopencv_optflow.4.3.0.dylib,
					/usr/local/lib/libopencv_surface_matching.4.3.0.dylib,
					/usr/local/lib/libopencv_tracking.4.3.0.dylib,
					/usr/local/lib/libopencv_datasets.4.3.0.dylib,
					/usr/local/lib/libopencv_plot.4.3.0.dylib,
					/usr/local/lib/libopencv_text.4.3.0.dylib,
					/usr/local/lib/libopencv_dnn.4.3.0.dylib,
					/usr/local/lib/libopencv_videostab.4.3.0.dylib,
					/usr/local/lib/libopencv_videoio.4.3.0.dylib,
					/usr/local/lib/libopencv_xfeatures2d.4.3.0.dylib,
					/usr/local/lib/libopencv_ml.4.3.0.dylib,
					/usr/local/lib/libopencv_shape.4.3.0.dylib,
					/usr/local/lib/libopencv_ximgproc.4.3.0.dylib,
					/usr/local/lib/libopencv_video.4.3.0.dylib,
					/usr/local/lib/libopencv_xobjdetect.4.3.0.dylib,
					/usr/local/lib/libopencv_imgcodecs.4.3.0.dylib,
					/usr/local/lib/libopencv_objdetect.4.3.0.dylib,
					/usr/local/lib/libopencv_calib3d.4.3.0.dylib,
					/usr/local/lib/libopencv_features2d.4.3.0.dylib,
					/usr/local/lib/libopencv_flann.4.3.0.dylib,
					/usr/local/lib/libopencv_xphoto.4.3.0.dylib,
					/usr/local/lib/libopencv_photo.4.3.0.dylib,
				);
				PRODUCT_NAME = "$(TARGET_NAME)";
				SKIP_INSTALL = YES;
				SYSTEM_HEADER_SEARCH_PATHS = (
					/usr/local/Cellar/opencv/4.3.0/include/opencv4,
					"/Users/artemnovikov/Documents/Учеба/Диплом/Scilmager/Native/VisualIPCV/**",
				);
			};
			name = Debug;
		};
		66D39B11249183E00037131C /* Release */ = {
			isa = XCBuildConfiguration;
			buildSettings = {
				CLANG_CXX_LANGUAGE_STANDARD = "gnu++17";
				CODE_SIGN_STYLE = Automatic;
				DEVELOPMENT_TEAM = F9F78MZ3Y9;
				DYLIB_COMPATIBILITY_VERSION = 1;
				DYLIB_CURRENT_VERSION = 1;
				EXECUTABLE_PREFIX = lib;
				GCC_ENABLE_CPP_EXCEPTIONS = YES;
				GCC_ENABLE_CPP_RTTI = YES;
				GCC_SYMBOLS_PRIVATE_EXTERN = YES;
				OTHER_LDFLAGS = (
					"/Users/artemnovikov/Documents/Учеба/Диплом/Scilmager/VisualIpcvEditor/ext/libVisualIPCV.dylib",
					/usr/local/lib/libopencv_core.4.3.0.dylib,
					/usr/local/lib/libopencv_imgproc.4.3.0.dylib,
					/usr/local/lib/libopencv_gapi.4.3.0.dylib,
					/usr/local/lib/libopencv_stitching.4.3.0.dylib,
					/usr/local/lib/libopencv_alphamat.4.3.0.dylib,
					/usr/local/lib/libopencv_aruco.4.3.0.dylib,
					/usr/local/lib/libopencv_bgsegm.4.3.0.dylib,
					/usr/local/lib/libopencv_bioinspired.4.3.0.dylib,
					/usr/local/lib/libopencv_ccalib.4.3.0.dylib,
					/usr/local/lib/libopencv_dnn_objdetect.4.3.0.dylib,
					/usr/local/lib/libopencv_dnn_superres.4.3.0.dylib,
					/usr/local/lib/libopencv_dpm.4.3.0.dylib,
					/usr/local/lib/libopencv_highgui.4.3.0.dylib,
					/usr/local/lib/libopencv_face.4.3.0.dylib,
					/usr/local/lib/libopencv_freetype.4.3.0.dylib,
					/usr/local/lib/libopencv_fuzzy.4.3.0.dylib,
					/usr/local/lib/libopencv_hfs.4.3.0.dylib,
					/usr/local/lib/libopencv_img_hash.4.3.0.dylib,
					/usr/local/lib/libopencv_intensity_transform.4.3.0.dylib,
					/usr/local/lib/libopencv_line_descriptor.4.3.0.dylib,
					/usr/local/lib/libopencv_quality.4.3.0.dylib,
					/usr/local/lib/libopencv_rapid.4.3.0.dylib,
					/usr/local/lib/libopencv_reg.4.3.0.dylib,
					/usr/local/lib/libopencv_rgbd.4.3.0.dylib,
					/usr/local/lib/libopencv_saliency.4.3.0.dylib,
					/usr/local/lib/libopencv_sfm.4.3.0.dylib,
					/usr/local/lib/libopencv_stereo.4.3.0.dylib,
					/usr/local/lib/libopencv_structured_light.4.3.0.dylib,
					/usr/local/lib/libopencv_phase_unwrapping.4.3.0.dylib,
					/usr/local/lib/libopencv_superres.4.3.0.dylib,
					/usr/local/lib/libopencv_optflow.4.3.0.dylib,
					/usr/local/lib/libopencv_surface_matching.4.3.0.dylib,
					/usr/local/lib/libopencv_tracking.4.3.0.dylib,
					/usr/local/lib/libopencv_datasets.4.3.0.dylib,
					/usr/local/lib/libopencv_plot.4.3.0.dylib,
					/usr/local/lib/libopencv_text.4.3.0.dylib,
					/usr/local/lib/libopencv_dnn.4.3.0.dylib,
					/usr/local/lib/libopencv_videostab.4.3.0.dylib,
					/usr/local/lib/libopencv_videoio.4.3.0.dylib,
					/usr/local/lib/libopencv_xfeatures2d.4.3.0.dylib,
					/usr/local/lib/libopencv_ml.4.3.0.dylib,
					/usr/local/lib/libopencv_shape.4.3.0.dylib,
					/usr/local/lib/libopencv_ximgproc.4.3.0.dylib,
					/usr/local/lib/libopencv_video.4.3.0.dylib,
					/usr/local/lib/libopencv_xobjdetect.4.3.0.dylib,
					/usr/local/lib/libopencv_imgcodecs.4.3.0.dylib,
					/usr/local/lib/libopencv_objdetect.4.3.0.dylib,
					/usr/local/lib/libopencv_calib3d.4.3.0.dylib,
					/usr/local/lib/libopencv_features2d.4.3.0.dylib,
					/usr/local/lib/libopencv_flann.4.3.0.dylib,
					/usr/local/lib/libopencv_xphoto.4.3.0.dylib,
					/usr/local/lib/libopencv_photo.4.3.0.dylib,
				);
				PRODUCT_NAME = "$(TARGET_NAME)";
				SKIP_INSTALL = YES;
				SYSTEM_HEADER_SEARCH_PATHS = (
					/usr/local/Cellar/opencv/4.3.0/include/opencv4,
					"/Users/artemnovikov/Documents/Учеба/Диплом/Scilmager/Native/VisualIPCV/**",
				);
			};
			name = Release;
		};
/* End XCBuildConfiguration section */

/* Begin XCConfigurationList section */
		66D39AFF249183E00037131C /* Build configuration list for PBXProject "ImageProcessors" */ = {
			isa = XCConfigurationList;
			buildConfigurations = (
				66D39B0D249183E00037131C /* Debug */,
				66D39B0E249183E00037131C /* Release */,
			);
			defaultConfigurationIsVisible = 0;
			defaultConfigurationName = Release;
		};
		66D39B0F249183E00037131C /* Build configuration list for PBXNativeTarget "ImageProcessors" */ = {
			isa = XCConfigurationList;
			buildConfigurations = (
				66D39B10249183E00037131C /* Debug */,
				66D39B11249183E00037131C /* Release */,
			);
			defaultConfigurationIsVisible = 0;
			defaultConfigurationName = Release;
		};
/* End XCConfigurationList section */
	};
	rootObject = 66D39AFC249183E00037131C /* Project object */;
}
