
Microsoft Visual Studio Solution File, Format Version 12.00
# Visual Studio Version 16
VisualStudioVersion = 16.0.29215.179
MinimumVisualStudioVersion = 10.0.40219.1
Project("{8BC9CEB8-8B4A-11D0-8D11-00A0C91BC942}") = "OpenCvTest", "OpenCvTest\OpenCvTest.vcxproj", "{3F91736C-9B4C-4268-AA48-E942981FD105}"
EndProject
Project("{8BC9CEB8-8B4A-11D0-8D11-00A0C91BC942}") = "VisualIpcvSci", "VisualIpcvSci\VisualIpcvSci.vcxproj", "{46DC4717-5803-451F-8A95-8A8C806A4BA6}"
EndProject
Project("{8BC9CEB8-8B4A-11D0-8D11-00A0C91BC942}") = "VisualIPCV", "VisualIPCV\VisualIPCV.vcxproj", "{A9225C69-F99A-45F4-8B9A-4C70674D4F46}"
EndProject
Project("{8BC9CEB8-8B4A-11D0-8D11-00A0C91BC942}") = "VisualIpcvJava", "VisualIpcvJava\VisualIpcvJava.vcxproj", "{2E0595EC-96C6-4BA2-B654-879EBE3BF81C}"
EndProject
Global
	GlobalSection(SolutionConfigurationPlatforms) = preSolution
		Debug|x64 = Debug|x64
		Debug|x86 = Debug|x86
		Release|x64 = Release|x64
		Release|x86 = Release|x86
	EndGlobalSection
	GlobalSection(ProjectConfigurationPlatforms) = postSolution
		{3F91736C-9B4C-4268-AA48-E942981FD105}.Debug|x64.ActiveCfg = Debug|x64
		{3F91736C-9B4C-4268-AA48-E942981FD105}.Debug|x64.Build.0 = Debug|x64
		{3F91736C-9B4C-4268-AA48-E942981FD105}.Debug|x86.ActiveCfg = Debug|Win32
		{3F91736C-9B4C-4268-AA48-E942981FD105}.Debug|x86.Build.0 = Debug|Win32
		{3F91736C-9B4C-4268-AA48-E942981FD105}.Release|x64.ActiveCfg = Release|x64
		{3F91736C-9B4C-4268-AA48-E942981FD105}.Release|x64.Build.0 = Release|x64
		{3F91736C-9B4C-4268-AA48-E942981FD105}.Release|x86.ActiveCfg = Release|Win32
		{3F91736C-9B4C-4268-AA48-E942981FD105}.Release|x86.Build.0 = Release|Win32
		{46DC4717-5803-451F-8A95-8A8C806A4BA6}.Debug|x64.ActiveCfg = Debug|x64
		{46DC4717-5803-451F-8A95-8A8C806A4BA6}.Debug|x64.Build.0 = Debug|x64
		{46DC4717-5803-451F-8A95-8A8C806A4BA6}.Debug|x86.ActiveCfg = Debug|Win32
		{46DC4717-5803-451F-8A95-8A8C806A4BA6}.Debug|x86.Build.0 = Debug|Win32
		{46DC4717-5803-451F-8A95-8A8C806A4BA6}.Release|x64.ActiveCfg = Release|x64
		{46DC4717-5803-451F-8A95-8A8C806A4BA6}.Release|x64.Build.0 = Release|x64
		{46DC4717-5803-451F-8A95-8A8C806A4BA6}.Release|x86.ActiveCfg = Release|Win32
		{46DC4717-5803-451F-8A95-8A8C806A4BA6}.Release|x86.Build.0 = Release|Win32
		{A9225C69-F99A-45F4-8B9A-4C70674D4F46}.Debug|x64.ActiveCfg = Debug|x64
		{A9225C69-F99A-45F4-8B9A-4C70674D4F46}.Debug|x64.Build.0 = Debug|x64
		{A9225C69-F99A-45F4-8B9A-4C70674D4F46}.Debug|x86.ActiveCfg = Debug|Win32
		{A9225C69-F99A-45F4-8B9A-4C70674D4F46}.Debug|x86.Build.0 = Debug|Win32
		{A9225C69-F99A-45F4-8B9A-4C70674D4F46}.Release|x64.ActiveCfg = Release|x64
		{A9225C69-F99A-45F4-8B9A-4C70674D4F46}.Release|x64.Build.0 = Release|x64
		{A9225C69-F99A-45F4-8B9A-4C70674D4F46}.Release|x86.ActiveCfg = Release|Win32
		{A9225C69-F99A-45F4-8B9A-4C70674D4F46}.Release|x86.Build.0 = Release|Win32
		{2E0595EC-96C6-4BA2-B654-879EBE3BF81C}.Debug|x64.ActiveCfg = Debug|x64
		{2E0595EC-96C6-4BA2-B654-879EBE3BF81C}.Debug|x64.Build.0 = Debug|x64
		{2E0595EC-96C6-4BA2-B654-879EBE3BF81C}.Debug|x86.ActiveCfg = Debug|Win32
		{2E0595EC-96C6-4BA2-B654-879EBE3BF81C}.Debug|x86.Build.0 = Debug|Win32
		{2E0595EC-96C6-4BA2-B654-879EBE3BF81C}.Release|x64.ActiveCfg = Release|x64
		{2E0595EC-96C6-4BA2-B654-879EBE3BF81C}.Release|x64.Build.0 = Release|x64
		{2E0595EC-96C6-4BA2-B654-879EBE3BF81C}.Release|x86.ActiveCfg = Release|Win32
		{2E0595EC-96C6-4BA2-B654-879EBE3BF81C}.Release|x86.Build.0 = Release|Win32
	EndGlobalSection
	GlobalSection(SolutionProperties) = preSolution
		HideSolutionNode = FALSE
	EndGlobalSection
	GlobalSection(ExtensibilityGlobals) = postSolution
		SolutionGuid = {EF423161-218E-4870-A506-28BB0C074483}
	EndGlobalSection
EndGlobal
